
Microsoft Visual Studio Solution File, Format Version 12.00
# Visual Studio 14
VisualStudioVersion = 14.0.25420.1
MinimumVisualStudioVersion = 10.0.40219.1
Project("{FAE04EC0-301F-11D3-BF4B-00C04F79EFBC}") = "DataAccess", "DataAccess\DataAccess.csproj", "{B74A6788-B573-4661-9107-DBE062CE6976}"
EndProject
Project("{FAE04EC0-301F-11D3-BF4B-00C04F79EFBC}") = "EF", "EF\EF.csproj", "{601653BA-AC81-4C29-9823-608BE7F82B68}"
EndProject
Project("{FAE04EC0-301F-11D3-BF4B-00C04F79EFBC}") = "ViewModels", "ViewModels\ViewModels.csproj", "{86B4D402-0335-4747-9225-C434DB944117}"
EndProject
Project("{FAE04EC0-301F-11D3-BF4B-00C04F79EFBC}") = "API", "API\API.csproj", "{4367FC09-5717-466E-9671-EA574A4237CC}"
EndProject
Project("{FAE04EC0-301F-11D3-BF4B-00C04F79EFBC}") = "BusinessLogic", "BusinessLogic\BusinessLogic.csproj", "{3DD6FD7F-3917-4466-960C-A077DE79031F}"
EndProject
Project("{FAE04EC0-301F-11D3-BF4B-00C04F79EFBC}") = "MVC Client", "MVC Client\MVC Client.csproj", "{F29CAF99-B821-4CBE-A92E-E16E91F65305}"
EndProject
Project("{FAE04EC0-301F-11D3-BF4B-00C04F79EFBC}") = "APIClient", "APIClient\APIClient.csproj", "{FF987CCE-08FE-403A-A098-CEEC176899A1}"
EndProject
Global
	GlobalSection(SolutionConfigurationPlatforms) = preSolution
		Debug|Any CPU = Debug|Any CPU
		Release|Any CPU = Release|Any CPU
	EndGlobalSection
	GlobalSection(ProjectConfigurationPlatforms) = postSolution
		{B74A6788-B573-4661-9107-DBE062CE6976}.Debug|Any CPU.ActiveCfg = Debug|Any CPU
		{B74A6788-B573-4661-9107-DBE062CE6976}.Debug|Any CPU.Build.0 = Debug|Any CPU
		{B74A6788-B573-4661-9107-DBE062CE6976}.Release|Any CPU.ActiveCfg = Release|Any CPU
		{B74A6788-B573-4661-9107-DBE062CE6976}.Release|Any CPU.Build.0 = Release|Any CPU
		{601653BA-AC81-4C29-9823-608BE7F82B68}.Debug|Any CPU.ActiveCfg = Debug|Any CPU
		{601653BA-AC81-4C29-9823-608BE7F82B68}.Debug|Any CPU.Build.0 = Debug|Any CPU
		{601653BA-AC81-4C29-9823-608BE7F82B68}.Release|Any CPU.ActiveCfg = Release|Any CPU
		{601653BA-AC81-4C29-9823-608BE7F82B68}.Release|Any CPU.Build.0 = Release|Any CPU
		{86B4D402-0335-4747-9225-C434DB944117}.Debug|Any CPU.ActiveCfg = Debug|Any CPU
		{86B4D402-0335-4747-9225-C434DB944117}.Debug|Any CPU.Build.0 = Debug|Any CPU
		{86B4D402-0335-4747-9225-C434DB944117}.Release|Any CPU.ActiveCfg = Release|Any CPU
		{86B4D402-0335-4747-9225-C434DB944117}.Release|Any CPU.Build.0 = Release|Any CPU
		{4367FC09-5717-466E-9671-EA574A4237CC}.Debug|Any CPU.ActiveCfg = Debug|Any CPU
		{4367FC09-5717-466E-9671-EA574A4237CC}.Debug|Any CPU.Build.0 = Debug|Any CPU
		{4367FC09-5717-466E-9671-EA574A4237CC}.Release|Any CPU.ActiveCfg = Release|Any CPU
		{4367FC09-5717-466E-9671-EA574A4237CC}.Release|Any CPU.Build.0 = Release|Any CPU
		{3DD6FD7F-3917-4466-960C-A077DE79031F}.Debug|Any CPU.ActiveCfg = Debug|Any CPU
		{3DD6FD7F-3917-4466-960C-A077DE79031F}.Debug|Any CPU.Build.0 = Debug|Any CPU
		{3DD6FD7F-3917-4466-960C-A077DE79031F}.Release|Any CPU.ActiveCfg = Release|Any CPU
		{3DD6FD7F-3917-4466-960C-A077DE79031F}.Release|Any CPU.Build.0 = Release|Any CPU
		{F29CAF99-B821-4CBE-A92E-E16E91F65305}.Debug|Any CPU.ActiveCfg = Debug|Any CPU
		{F29CAF99-B821-4CBE-A92E-E16E91F65305}.Debug|Any CPU.Build.0 = Debug|Any CPU
		{F29CAF99-B821-4CBE-A92E-E16E91F65305}.Release|Any CPU.ActiveCfg = Release|Any CPU
		{F29CAF99-B821-4CBE-A92E-E16E91F65305}.Release|Any CPU.Build.0 = Release|Any CPU
		{FF987CCE-08FE-403A-A098-CEEC176899A1}.Debug|Any CPU.ActiveCfg = Debug|Any CPU
		{FF987CCE-08FE-403A-A098-CEEC176899A1}.Debug|Any CPU.Build.0 = Debug|Any CPU
		{FF987CCE-08FE-403A-A098-CEEC176899A1}.Release|Any CPU.ActiveCfg = Release|Any CPU
		{FF987CCE-08FE-403A-A098-CEEC176899A1}.Release|Any CPU.Build.0 = Release|Any CPU
	EndGlobalSection
	GlobalSection(SolutionProperties) = preSolution
		HideSolutionNode = FALSE
	EndGlobalSection
EndGlobal
